# This file is autogenerated, do not edit; changes may be undone by the next 'dep ensure'.


[[projects]]
  branch = "master"
  digest = "1:cc53b1c716127359228f7875cab77c86057686028b237f3943824395a0fca736"
  name = "github.com/DusanKasan/parsemail"
  packages = ["."]
  pruneopts = "UT"
  revision = "abc648830b9a1e9440c2c817a42a73a17c0d0c64"

[[projects]]
  branch = "master"
  digest = "1:7cc7f47cf4e6f9be30f0e38934f6470cf4c35c9479350bc5e764d3e428018e2e"
  name = "github.com/emersion/go-sasl"
  packages = ["."]
  pruneopts = "UT"
  revision = "7e096a0a6197b89989e8cc31016daa67c8c62051"

[[projects]]
  digest = "1:4782f0fedd365fdc1efc6a1b0af56578e24bf3263460632045193e20a1b9fe28"
  name = "github.com/emersion/go-smtp"
  packages = ["."]
  pruneopts = "UT"
  revision = "ffb207c58591a6453fc1bada5c97844ee6500f49"
  version = "v0.10.0"

[solve-meta]
  analyzer-name = "dep"
  analyzer-version = 1
  input-imports = [
    "github.com/DusanKasan/parsemail",
    "github.com/emersion/go-smtp",
  ]
  solver-name = "gps-cdcl"
  solver-version = 1
